
Microsoft Visual Studio Solution File, Format Version 12.00
# Visual Studio Version 17
VisualStudioVersion = 17.5.33627.172
MinimumVisualStudioVersion = 10.0.40219.1
Project("{FAE04EC0-301F-11D3-BF4B-00C04F79EFBC}") = "GlycoLib", "GlycoLib\GlycoLib.csproj", "{F491280E-32DE-4EC8-97AD-BEBB8EEF8722}"
EndProject
Project("{FAE04EC0-301F-11D3-BF4B-00C04F79EFBC}") = "ProtLib", "Prot_Lib\ProtLib.csproj", "{C35DFA3F-CB11-41FB-80C6-A49231D2B413}"
EndProject
Project("{FAE04EC0-301F-11D3-BF4B-00C04F79EFBC}") = "ElutionViewer", "ElutionViewer\ElutionViewer.csproj", "{9911254B-F7D5-426F-AD5A-1A786572A349}"
EndProject
Project("{FAE04EC0-301F-11D3-BF4B-00C04F79EFBC}") = "MassLibNative", "MassLibNative\MassLibNative.csproj", "{F8908C89-4077-49C6-B342-E06E1016D40B}"
EndProject
Project("{FAE04EC0-301F-11D3-BF4B-00C04F79EFBC}") = "MassLib", "MassLib\MassLib.csproj", "{A9AF2446-C02A-4D05-BBE5-7E823BD073AF}"
EndProject
Project("{840C416C-B8F3-42BC-B0DD-F6BB14C9F8CB}") = "AISetup", "AISetup\AISetup.aiproj", "{40BBB7F1-3506-4D27-B69B-5C44285C40C1}"
EndProject
Project("{FAE04EC0-301F-11D3-BF4B-00C04F79EFBC}") = "ReMultiGlycan", "ReMultiGlycan\ReMultiGlycan.csproj", "{A73C69E3-C47C-41DE-9AFE-477A67037116}"
EndProject
Global
	GlobalSection(SolutionConfigurationPlatforms) = preSolution
		All|Any CPU = All|Any CPU
		All|x64 = All|x64
		All|x86 = All|x86
		Debug|Any CPU = Debug|Any CPU
		Debug|x64 = Debug|x64
		Debug|x86 = Debug|x86
		Release|Any CPU = Release|Any CPU
		Release|x64 = Release|x64
		Release|x86 = Release|x86
	EndGlobalSection
	GlobalSection(ProjectConfigurationPlatforms) = postSolution
		{F491280E-32DE-4EC8-97AD-BEBB8EEF8722}.All|Any CPU.ActiveCfg = Release|Any CPU
		{F491280E-32DE-4EC8-97AD-BEBB8EEF8722}.All|Any CPU.Build.0 = Release|Any CPU
		{F491280E-32DE-4EC8-97AD-BEBB8EEF8722}.All|x64.ActiveCfg = Debug|x64
		{F491280E-32DE-4EC8-97AD-BEBB8EEF8722}.All|x64.Build.0 = Debug|x64
		{F491280E-32DE-4EC8-97AD-BEBB8EEF8722}.All|x86.ActiveCfg = Release|x86
		{F491280E-32DE-4EC8-97AD-BEBB8EEF8722}.All|x86.Build.0 = Release|x86
		{F491280E-32DE-4EC8-97AD-BEBB8EEF8722}.Debug|Any CPU.ActiveCfg = Debug|Any CPU
		{F491280E-32DE-4EC8-97AD-BEBB8EEF8722}.Debug|Any CPU.Build.0 = Debug|Any CPU
		{F491280E-32DE-4EC8-97AD-BEBB8EEF8722}.Debug|x64.ActiveCfg = Debug|Any CPU
		{F491280E-32DE-4EC8-97AD-BEBB8EEF8722}.Debug|x64.Build.0 = Debug|Any CPU
		{F491280E-32DE-4EC8-97AD-BEBB8EEF8722}.Debug|x86.ActiveCfg = Debug|x86
		{F491280E-32DE-4EC8-97AD-BEBB8EEF8722}.Debug|x86.Build.0 = Debug|x86
		{F491280E-32DE-4EC8-97AD-BEBB8EEF8722}.Release|Any CPU.ActiveCfg = Release|Any CPU
		{F491280E-32DE-4EC8-97AD-BEBB8EEF8722}.Release|Any CPU.Build.0 = Release|Any CPU
		{F491280E-32DE-4EC8-97AD-BEBB8EEF8722}.Release|x64.ActiveCfg = Release|x64
		{F491280E-32DE-4EC8-97AD-BEBB8EEF8722}.Release|x64.Build.0 = Release|x64
		{F491280E-32DE-4EC8-97AD-BEBB8EEF8722}.Release|x86.ActiveCfg = Release|x86
		{F491280E-32DE-4EC8-97AD-BEBB8EEF8722}.Release|x86.Build.0 = Release|x86
		{C35DFA3F-CB11-41FB-80C6-A49231D2B413}.All|Any CPU.ActiveCfg = Release|Any CPU
		{C35DFA3F-CB11-41FB-80C6-A49231D2B413}.All|Any CPU.Build.0 = Release|Any CPU
		{C35DFA3F-CB11-41FB-80C6-A49231D2B413}.All|x64.ActiveCfg = Release|x64
		{C35DFA3F-CB11-41FB-80C6-A49231D2B413}.All|x64.Build.0 = Release|x64
		{C35DFA3F-CB11-41FB-80C6-A49231D2B413}.All|x86.ActiveCfg = Debug|x86
		{C35DFA3F-CB11-41FB-80C6-A49231D2B413}.All|x86.Build.0 = Debug|x86
		{C35DFA3F-CB11-41FB-80C6-A49231D2B413}.Debug|Any CPU.ActiveCfg = Debug|Any CPU
		{C35DFA3F-CB11-41FB-80C6-A49231D2B413}.Debug|Any CPU.Build.0 = Debug|Any CPU
		{C35DFA3F-CB11-41FB-80C6-A49231D2B413}.Debug|x64.ActiveCfg = Debug|x64
		{C35DFA3F-CB11-41FB-80C6-A49231D2B413}.Debug|x64.Build.0 = Debug|x64
		{C35DFA3F-CB11-41FB-80C6-A49231D2B413}.Debug|x86.ActiveCfg = Debug|Any CPU
		{C35DFA3F-CB11-41FB-80C6-A49231D2B413}.Debug|x86.Build.0 = Debug|Any CPU
		{C35DFA3F-CB11-41FB-80C6-A49231D2B413}.Release|Any CPU.ActiveCfg = Release|Any CPU
		{C35DFA3F-CB11-41FB-80C6-A49231D2B413}.Release|Any CPU.Build.0 = Release|Any CPU
		{C35DFA3F-CB11-41FB-80C6-A49231D2B413}.Release|x64.ActiveCfg = Release|x64
		{C35DFA3F-CB11-41FB-80C6-A49231D2B413}.Release|x64.Build.0 = Release|x64
		{C35DFA3F-CB11-41FB-80C6-A49231D2B413}.Release|x86.ActiveCfg = Release|x86
		{C35DFA3F-CB11-41FB-80C6-A49231D2B413}.Release|x86.Build.0 = Release|x86
		{9911254B-F7D5-426F-AD5A-1A786572A349}.All|Any CPU.ActiveCfg = Release|Any CPU
		{9911254B-F7D5-426F-AD5A-1A786572A349}.All|Any CPU.Build.0 = Release|Any CPU
		{9911254B-F7D5-426F-AD5A-1A786572A349}.All|x64.ActiveCfg = Release|x64
		{9911254B-F7D5-426F-AD5A-1A786572A349}.All|x64.Build.0 = Release|x64
		{9911254B-F7D5-426F-AD5A-1A786572A349}.All|x86.ActiveCfg = Debug|x86
		{9911254B-F7D5-426F-AD5A-1A786572A349}.All|x86.Build.0 = Debug|x86
		{9911254B-F7D5-426F-AD5A-1A786572A349}.Debug|Any CPU.ActiveCfg = Debug|Any CPU
		{9911254B-F7D5-426F-AD5A-1A786572A349}.Debug|Any CPU.Build.0 = Debug|Any CPU
		{9911254B-F7D5-426F-AD5A-1A786572A349}.Debug|x64.ActiveCfg = Debug|x64
		{9911254B-F7D5-426F-AD5A-1A786572A349}.Debug|x64.Build.0 = Debug|x64
		{9911254B-F7D5-426F-AD5A-1A786572A349}.Debug|x86.ActiveCfg = Debug|Any CPU
		{9911254B-F7D5-426F-AD5A-1A786572A349}.Debug|x86.Build.0 = Debug|Any CPU
		{9911254B-F7D5-426F-AD5A-1A786572A349}.Release|Any CPU.ActiveCfg = Release|Any CPU
		{9911254B-F7D5-426F-AD5A-1A786572A349}.Release|Any CPU.Build.0 = Release|Any CPU
		{9911254B-F7D5-426F-AD5A-1A786572A349}.Release|x64.ActiveCfg = Release|x64
		{9911254B-F7D5-426F-AD5A-1A786572A349}.Release|x64.Build.0 = Release|x64
		{9911254B-F7D5-426F-AD5A-1A786572A349}.Release|x86.ActiveCfg = Release|x86
		{9911254B-F7D5-426F-AD5A-1A786572A349}.Release|x86.Build.0 = Release|x86
		{F8908C89-4077-49C6-B342-E06E1016D40B}.All|Any CPU.ActiveCfg = Release|Any CPU
		{F8908C89-4077-49C6-B342-E06E1016D40B}.All|Any CPU.Build.0 = Release|Any CPU
		{F8908C89-4077-49C6-B342-E06E1016D40B}.All|x64.ActiveCfg = Release|x64
		{F8908C89-4077-49C6-B342-E06E1016D40B}.All|x64.Build.0 = Release|x64
		{F8908C89-4077-49C6-B342-E06E1016D40B}.All|x86.ActiveCfg = Debug|x86
		{F8908C89-4077-49C6-B342-E06E1016D40B}.All|x86.Build.0 = Debug|x86
		{F8908C89-4077-49C6-B342-E06E1016D40B}.Debug|Any CPU.ActiveCfg = Debug|Any CPU
		{F8908C89-4077-49C6-B342-E06E1016D40B}.Debug|Any CPU.Build.0 = Debug|Any CPU
		{F8908C89-4077-49C6-B342-E06E1016D40B}.Debug|x64.ActiveCfg = Debug|x64
		{F8908C89-4077-49C6-B342-E06E1016D40B}.Debug|x64.Build.0 = Debug|x64
		{F8908C89-4077-49C6-B342-E06E1016D40B}.Debug|x86.ActiveCfg = Debug|Any CPU
		{F8908C89-4077-49C6-B342-E06E1016D40B}.Debug|x86.Build.0 = Debug|Any CPU
		{F8908C89-4077-49C6-B342-E06E1016D40B}.Release|Any CPU.ActiveCfg = Release|Any CPU
		{F8908C89-4077-49C6-B342-E06E1016D40B}.Release|Any CPU.Build.0 = Release|Any CPU
		{F8908C89-4077-49C6-B342-E06E1016D40B}.Release|x64.ActiveCfg = Release|x64
		{F8908C89-4077-49C6-B342-E06E1016D40B}.Release|x64.Build.0 = Release|x64
		{F8908C89-4077-49C6-B342-E06E1016D40B}.Release|x86.ActiveCfg = Release|x86
		{F8908C89-4077-49C6-B342-E06E1016D40B}.Release|x86.Build.0 = Release|x86
		{A9AF2446-C02A-4D05-BBE5-7E823BD073AF}.All|Any CPU.ActiveCfg = Release|Any CPU
		{A9AF2446-C02A-4D05-BBE5-7E823BD073AF}.All|Any CPU.Build.0 = Release|Any CPU
		{A9AF2446-C02A-4D05-BBE5-7E823BD073AF}.All|x64.ActiveCfg = Release|x64
		{A9AF2446-C02A-4D05-BBE5-7E823BD073AF}.All|x64.Build.0 = Release|x64
		{A9AF2446-C02A-4D05-BBE5-7E823BD073AF}.All|x86.ActiveCfg = Release|x86
		{A9AF2446-C02A-4D05-BBE5-7E823BD073AF}.All|x86.Build.0 = Release|x86
		{A9AF2446-C02A-4D05-BBE5-7E823BD073AF}.Debug|Any CPU.ActiveCfg = Debug|Any CPU
		{A9AF2446-C02A-4D05-BBE5-7E823BD073AF}.Debug|Any CPU.Build.0 = Debug|Any CPU
		{A9AF2446-C02A-4D05-BBE5-7E823BD073AF}.Debug|x64.ActiveCfg = Debug|Any CPU
		{A9AF2446-C02A-4D05-BBE5-7E823BD073AF}.Debug|x64.Build.0 = Debug|Any CPU
		{A9AF2446-C02A-4D05-BBE5-7E823BD073AF}.Debug|x86.ActiveCfg = Debug|Any CPU
		{A9AF2446-C02A-4D05-BBE5-7E823BD073AF}.Debug|x86.Build.0 = Debug|Any CPU
		{A9AF2446-C02A-4D05-BBE5-7E823BD073AF}.Release|Any CPU.ActiveCfg = Release|Any CPU
		{A9AF2446-C02A-4D05-BBE5-7E823BD073AF}.Release|Any CPU.Build.0 = Release|Any CPU
		{A9AF2446-C02A-4D05-BBE5-7E823BD073AF}.Release|x64.ActiveCfg = Release|x64
		{A9AF2446-C02A-4D05-BBE5-7E823BD073AF}.Release|x64.Build.0 = Release|x64
		{A9AF2446-C02A-4D05-BBE5-7E823BD073AF}.Release|x86.ActiveCfg = Release|x86
		{A9AF2446-C02A-4D05-BBE5-7E823BD073AF}.Release|x86.Build.0 = Release|x86
		{40BBB7F1-3506-4D27-B69B-5C44285C40C1}.All|Any CPU.ActiveCfg = DefaultBuild
		{40BBB7F1-3506-4D27-B69B-5C44285C40C1}.All|Any CPU.Build.0 = DefaultBuild
		{40BBB7F1-3506-4D27-B69B-5C44285C40C1}.All|x64.ActiveCfg = DefaultBuild
		{40BBB7F1-3506-4D27-B69B-5C44285C40C1}.All|x64.Build.0 = DefaultBuild
		{40BBB7F1-3506-4D27-B69B-5C44285C40C1}.All|x86.ActiveCfg = DefaultBuild
		{40BBB7F1-3506-4D27-B69B-5C44285C40C1}.All|x86.Build.0 = DefaultBuild
		{40BBB7F1-3506-4D27-B69B-5C44285C40C1}.Debug|Any CPU.ActiveCfg = DefaultBuild
		{40BBB7F1-3506-4D27-B69B-5C44285C40C1}.Debug|Any CPU.Build.0 = DefaultBuild
		{40BBB7F1-3506-4D27-B69B-5C44285C40C1}.Debug|x64.ActiveCfg = DefaultBuild
		{40BBB7F1-3506-4D27-B69B-5C44285C40C1}.Debug|x64.Build.0 = DefaultBuild
		{40BBB7F1-3506-4D27-B69B-5C44285C40C1}.Debug|x86.ActiveCfg = DefaultBuild
		{40BBB7F1-3506-4D27-B69B-5C44285C40C1}.Debug|x86.Build.0 = DefaultBuild
		{40BBB7F1-3506-4D27-B69B-5C44285C40C1}.Release|Any CPU.ActiveCfg = DefaultBuild
		{40BBB7F1-3506-4D27-B69B-5C44285C40C1}.Release|Any CPU.Build.0 = DefaultBuild
		{40BBB7F1-3506-4D27-B69B-5C44285C40C1}.Release|x64.ActiveCfg = DefaultBuild
		{40BBB7F1-3506-4D27-B69B-5C44285C40C1}.Release|x64.Build.0 = DefaultBuild
		{40BBB7F1-3506-4D27-B69B-5C44285C40C1}.Release|x86.ActiveCfg = DefaultBuild
		{40BBB7F1-3506-4D27-B69B-5C44285C40C1}.Release|x86.Build.0 = DefaultBuild
		{A73C69E3-C47C-41DE-9AFE-477A67037116}.All|Any CPU.ActiveCfg = Debug|Any CPU
		{A73C69E3-C47C-41DE-9AFE-477A67037116}.All|Any CPU.Build.0 = Debug|Any CPU
		{A73C69E3-C47C-41DE-9AFE-477A67037116}.All|x64.ActiveCfg = Debug|x64
		{A73C69E3-C47C-41DE-9AFE-477A67037116}.All|x64.Build.0 = Debug|x64
		{A73C69E3-C47C-41DE-9AFE-477A67037116}.All|x86.ActiveCfg = Debug|x86
		{A73C69E3-C47C-41DE-9AFE-477A67037116}.All|x86.Build.0 = Debug|x86
		{A73C69E3-C47C-41DE-9AFE-477A67037116}.Debug|Any CPU.ActiveCfg = Debug|Any CPU
		{A73C69E3-C47C-41DE-9AFE-477A67037116}.Debug|Any CPU.Build.0 = Debug|Any CPU
		{A73C69E3-C47C-41DE-9AFE-477A67037116}.Debug|x64.ActiveCfg = Debug|x64
		{A73C69E3-C47C-41DE-9AFE-477A67037116}.Debug|x64.Build.0 = Debug|x64
		{A73C69E3-C47C-41DE-9AFE-477A67037116}.Debug|x86.ActiveCfg = Debug|x86
		{A73C69E3-C47C-41DE-9AFE-477A67037116}.Debug|x86.Build.0 = Debug|x86
		{A73C69E3-C47C-41DE-9AFE-477A67037116}.Release|Any CPU.ActiveCfg = Release|Any CPU
		{A73C69E3-C47C-41DE-9AFE-477A67037116}.Release|Any CPU.Build.0 = Release|Any CPU
		{A73C69E3-C47C-41DE-9AFE-477A67037116}.Release|x64.ActiveCfg = Release|x64
		{A73C69E3-C47C-41DE-9AFE-477A67037116}.Release|x64.Build.0 = Release|x64
		{A73C69E3-C47C-41DE-9AFE-477A67037116}.Release|x86.ActiveCfg = Release|x86
		{A73C69E3-C47C-41DE-9AFE-477A67037116}.Release|x86.Build.0 = Release|x86
	EndGlobalSection
	GlobalSection(SolutionProperties) = preSolution
		HideSolutionNode = FALSE
	EndGlobalSection
	GlobalSection(ExtensibilityGlobals) = postSolution
		BuildVersion_UpdateAssemblyVersion = True
		VisualSVNWorkingCopyRoot = .
		SolutionGuid = {87BF29E1-B740-4A70-8766-071B98D778FB}
	EndGlobalSection
EndGlobal
